
Microsoft Visual Studio Solution File, Format Version 12.00
# Visual Studio 15
VisualStudioVersion = 15.0.27703.2047
MinimumVisualStudioVersion = 10.0.40219.1
Project("{FAE04EC0-301F-11D3-BF4B-00C04F79EFBC}") = "IsTodayXmas", "IsTodayXmas\IsTodayXmas.csproj", "{F4F0AD09-C01A-4DDA-B920-07C99F5D9A56}"
EndProject
Project("{FAE04EC0-301F-11D3-BF4B-00C04F79EFBC}") = "IsTodayXmasTests", "IsTodayXmasTests\IsTodayXmasTests.csproj", "{CCAE393C-4422-43ED-B2FC-E8053CA89522}"
EndProject
Global
	GlobalSection(SolutionConfigurationPlatforms) = preSolution
		Debug|Any CPU = Debug|Any CPU
		Release|Any CPU = Release|Any CPU
	EndGlobalSection
	GlobalSection(ProjectConfigurationPlatforms) = postSolution
		{F4F0AD09-C01A-4DDA-B920-07C99F5D9A56}.Debug|Any CPU.ActiveCfg = Debug|Any CPU
		{F4F0AD09-C01A-4DDA-B920-07C99F5D9A56}.Debug|Any CPU.Build.0 = Debug|Any CPU
		{F4F0AD09-C01A-4DDA-B920-07C99F5D9A56}.Release|Any CPU.ActiveCfg = Release|Any CPU
		{F4F0AD09-C01A-4DDA-B920-07C99F5D9A56}.Release|Any CPU.Build.0 = Release|Any CPU
		{CCAE393C-4422-43ED-B2FC-E8053CA89522}.Debug|Any CPU.ActiveCfg = Debug|Any CPU
		{CCAE393C-4422-43ED-B2FC-E8053CA89522}.Debug|Any CPU.Build.0 = Debug|Any CPU
		{CCAE393C-4422-43ED-B2FC-E8053CA89522}.Release|Any CPU.ActiveCfg = Release|Any CPU
		{CCAE393C-4422-43ED-B2FC-E8053CA89522}.Release|Any CPU.Build.0 = Release|Any CPU
	EndGlobalSection
	GlobalSection(SolutionProperties) = preSolution
		HideSolutionNode = FALSE
	EndGlobalSection
	GlobalSection(ExtensibilityGlobals) = postSolution
		SolutionGuid = {9F31C721-BFC4-4316-BDA5-8A4033978C13}
	EndGlobalSection
EndGlobal
